// !$*UTF8*$!
{
	archiveVersion = 1;
	classes = {
	};
	objectVersion = 77;
	objects = {

/* Begin PBXBuildFile section */
		70FC87902EA64F9C00D6BF9F /* Requirement.md in Resources */ = {isa = PBXBuildFile; fileRef = 70FC878D2EA64F9C00D6BF9F /* Requirement.md */; };
		70FC87922EA64F9C00D6BF9F /* Assets.xcassets in Resources */ = {isa = PBXBuildFile; fileRef = 70FC878B2EA64F9C00D6BF9F /* Assets.xcassets */; };
		70FC87932EA64F9C00D6BF9F /* .gitkeep in Resources */ = {isa = PBXBuildFile; fileRef = 70FC878A2EA64F9C00D6BF9F /* .gitkeep */; };
		70FC87942EA64F9C00D6BF9F /* MenuList.json in Resources */ = {isa = PBXBuildFile; fileRef = 70FC87812EA64F9C00D6BF9F /* MenuList.json */; };
		70FC87952EA64F9C00D6BF9F /* Mood.swift in Sources */ = {isa = PBXBuildFile; fileRef = 70FC877A2EA64F9C00D6BF9F /* Mood.swift */; };
		70FC87962EA64F9C00D6BF9F /* ViewModifiers.swift in Sources */ = {isa = PBXBuildFile; fileRef = 70FC87882EA64F9C00D6BF9F /* ViewModifiers.swift */; };
		70FC87972EA64F9C00D6BF9F /* InvoiceViewModel.swift in Sources */ = {isa = PBXBuildFile; fileRef = 70FC87742EA64F9C00D6BF9F /* InvoiceViewModel.swift */; };
		70FC87982EA64F9C00D6BF9F /* AddInvoiceView.swift in Sources */ = {isa = PBXBuildFile; fileRef = 70FC876E2EA64F9C00D6BF9F /* AddInvoiceView.swift */; };
		70FC87992EA64F9C00D6BF9F /* OrderStatus.swift in Sources */ = {isa = PBXBuildFile; fileRef = 70FC877E2EA64F9C00D6BF9F /* OrderStatus.swift */; };
		70FC879A2EA64F9C00D6BF9F /* Order.swift in Sources */ = {isa = PBXBuildFile; fileRef = 70FC877D2EA64F9C00D6BF9F /* Order.swift */; };
		70FC879B2EA64F9C00D6BF9F /* RootTabViewModel.swift in Sources */ = {isa = PBXBuildFile; fileRef = 70FC87842EA64F9C00D6BF9F /* RootTabViewModel.swift */; };
		70FC879C2EA64F9C00D6BF9F /* RootTabView.swift in Sources */ = {isa = PBXBuildFile; fileRef = 70FC87832EA64F9C00D6BF9F /* RootTabView.swift */; };
		70FC879D2EA64F9C00D6BF9F /* MenuItem.swift in Sources */ = {isa = PBXBuildFile; fileRef = 70FC87762EA64F9C00D6BF9F /* MenuItem.swift */; };
		70FC879E2EA64F9C00D6BF9F /* View+Extension.swift in Sources */ = {isa = PBXBuildFile; fileRef = 70FC87872EA64F9C00D6BF9F /* View+Extension.swift */; };
		70FC879F2EA64F9C00D6BF9F /* MenuListView.swift in Sources */ = {isa = PBXBuildFile; fileRef = 70FC87772EA64F9C00D6BF9F /* MenuListView.swift */; };
		70FC87A02EA64F9C00D6BF9F /* InvoiceListView.swift in Sources */ = {isa = PBXBuildFile; fileRef = 70FC87732EA64F9C00D6BF9F /* InvoiceListView.swift */; };
		70FC87A12EA64F9C00D6BF9F /* WishDishApp.swift in Sources */ = {isa = PBXBuildFile; fileRef = 70FC878E2EA64F9C00D6BF9F /* WishDishApp.swift */; };
		70FC87A22EA64F9C00D6BF9F /* Invoice.swift in Sources */ = {isa = PBXBuildFile; fileRef = 70FC87722EA64F9C00D6BF9F /* Invoice.swift */; };
		70FC87A32EA64F9C00D6BF9F /* MenuListViewModel.swift in Sources */ = {isa = PBXBuildFile; fileRef = 70FC87782EA64F9C00D6BF9F /* MenuListViewModel.swift */; };
		70FC87A42EA64F9C00D6BF9F /* DiningCarnivalView.swift in Sources */ = {isa = PBXBuildFile; fileRef = 70FC877B2EA64F9C00D6BF9F /* DiningCarnivalView.swift */; };
		70FC87A52EA64F9C00D6BF9F /* OrderStatusView.swift in Sources */ = {isa = PBXBuildFile; fileRef = 70FC877F2EA64F9C00D6BF9F /* OrderStatusView.swift */; };
		70FC87A62EA64F9C00D6BF9F /* ClientResourceLoader.swift in Sources */ = {isa = PBXBuildFile; fileRef = 70FC87702EA64F9C00D6BF9F /* ClientResourceLoader.swift */; };
		70FC87A72EA64F9C00D6BF9F /* Character+Extension.swift in Sources */ = {isa = PBXBuildFile; fileRef = 70FC87862EA64F9C00D6BF9F /* Character+Extension.swift */; };
/* End PBXBuildFile section */

/* Begin PBXContainerItemProxy section */
		70FD2DE32E96E50F005EA005 /* PBXContainerItemProxy */ = {
			isa = PBXContainerItemProxy;
			containerPortal = 70FD2DCB2E96E50D005EA005 /* Project object */;
			proxyType = 1;
			remoteGlobalIDString = 70FD2DD22E96E50D005EA005;
			remoteInfo = WishDish;
		};
		70FD2DED2E96E50F005EA005 /* PBXContainerItemProxy */ = {
			isa = PBXContainerItemProxy;
			containerPortal = 70FD2DCB2E96E50D005EA005 /* Project object */;
			proxyType = 1;
			remoteGlobalIDString = 70FD2DD22E96E50D005EA005;
			remoteInfo = WishDish;
		};
/* End PBXContainerItemProxy section */

/* Begin PBXFileReference section */
		70FC876E2EA64F9C00D6BF9F /* AddInvoiceView.swift */ = {isa = PBXFileReference; lastKnownFileType = sourcecode.swift; path = AddInvoiceView.swift; sourceTree = "<group>"; };
		70FC87702EA64F9C00D6BF9F /* ClientResourceLoader.swift */ = {isa = PBXFileReference; lastKnownFileType = sourcecode.swift; path = ClientResourceLoader.swift; sourceTree = "<group>"; };
		70FC87722EA64F9C00D6BF9F /* Invoice.swift */ = {isa = PBXFileReference; lastKnownFileType = sourcecode.swift; path = Invoice.swift; sourceTree = "<group>"; };
		70FC87732EA64F9C00D6BF9F /* InvoiceListView.swift */ = {isa = PBXFileReference; lastKnownFileType = sourcecode.swift; path = InvoiceListView.swift; sourceTree = "<group>"; };
		70FC87742EA64F9C00D6BF9F /* InvoiceViewModel.swift */ = {isa = PBXFileReference; lastKnownFileType = sourcecode.swift; path = InvoiceViewModel.swift; sourceTree = "<group>"; };
		70FC87762EA64F9C00D6BF9F /* MenuItem.swift */ = {isa = PBXFileReference; lastKnownFileType = sourcecode.swift; path = MenuItem.swift; sourceTree = "<group>"; };
		70FC87772EA64F9C00D6BF9F /* MenuListView.swift */ = {isa = PBXFileReference; lastKnownFileType = sourcecode.swift; path = MenuListView.swift; sourceTree = "<group>"; };
		70FC87782EA64F9C00D6BF9F /* MenuListViewModel.swift */ = {isa = PBXFileReference; lastKnownFileType = sourcecode.swift; path = MenuListViewModel.swift; sourceTree = "<group>"; };
		70FC877A2EA64F9C00D6BF9F /* Mood.swift */ = {isa = PBXFileReference; lastKnownFileType = sourcecode.swift; path = Mood.swift; sourceTree = "<group>"; };
		70FC877B2EA64F9C00D6BF9F /* DiningCarnivalView.swift */ = {isa = PBXFileReference; lastKnownFileType = sourcecode.swift; path = DiningCarnivalView.swift; sourceTree = "<group>"; };
		70FC877D2EA64F9C00D6BF9F /* Order.swift */ = {isa = PBXFileReference; lastKnownFileType = sourcecode.swift; path = Order.swift; sourceTree = "<group>"; };
		70FC877E2EA64F9C00D6BF9F /* OrderStatus.swift */ = {isa = PBXFileReference; lastKnownFileType = sourcecode.swift; path = OrderStatus.swift; sourceTree = "<group>"; };
		70FC877F2EA64F9C00D6BF9F /* OrderStatusView.swift */ = {isa = PBXFileReference; lastKnownFileType = sourcecode.swift; path = OrderStatusView.swift; sourceTree = "<group>"; };
		70FC87812EA64F9C00D6BF9F /* MenuList.json */ = {isa = PBXFileReference; lastKnownFileType = text.json; path = MenuList.json; sourceTree = "<group>"; };
		70FC87832EA64F9C00D6BF9F /* RootTabView.swift */ = {isa = PBXFileReference; lastKnownFileType = sourcecode.swift; path = RootTabView.swift; sourceTree = "<group>"; };
		70FC87842EA64F9C00D6BF9F /* RootTabViewModel.swift */ = {isa = PBXFileReference; lastKnownFileType = sourcecode.swift; path = RootTabViewModel.swift; sourceTree = "<group>"; };
		70FC87862EA64F9C00D6BF9F /* Character+Extension.swift */ = {isa = PBXFileReference; lastKnownFileType = sourcecode.swift; path = "Character+Extension.swift"; sourceTree = "<group>"; };
		70FC87872EA64F9C00D6BF9F /* View+Extension.swift */ = {isa = PBXFileReference; lastKnownFileType = sourcecode.swift; path = "View+Extension.swift"; sourceTree = "<group>"; };
		70FC87882EA64F9C00D6BF9F /* ViewModifiers.swift */ = {isa = PBXFileReference; lastKnownFileType = sourcecode.swift; path = ViewModifiers.swift; sourceTree = "<group>"; };
		70FC878A2EA64F9C00D6BF9F /* .gitkeep */ = {isa = PBXFileReference; lastKnownFileType = text; path = .gitkeep; sourceTree = "<group>"; };
		70FC878B2EA64F9C00D6BF9F /* Assets.xcassets */ = {isa = PBXFileReference; lastKnownFileType = folder.assetcatalog; path = Assets.xcassets; sourceTree = "<group>"; };
		70FC878D2EA64F9C00D6BF9F /* Requirement.md */ = {isa = PBXFileReference; lastKnownFileType = net.daringfireball.markdown; path = Requirement.md; sourceTree = "<group>"; };
		70FC878E2EA64F9C00D6BF9F /* WishDishApp.swift */ = {isa = PBXFileReference; lastKnownFileType = sourcecode.swift; path = WishDishApp.swift; sourceTree = "<group>"; };
		70FD2DD32E96E50D005EA005 /* WishDish.app */ = {isa = PBXFileReference; explicitFileType = wrapper.application; includeInIndex = 0; path = WishDish.app; sourceTree = BUILT_PRODUCTS_DIR; };
		70FD2DE22E96E50F005EA005 /* WishDishTests.xctest */ = {isa = PBXFileReference; explicitFileType = wrapper.cfbundle; includeInIndex = 0; path = WishDishTests.xctest; sourceTree = BUILT_PRODUCTS_DIR; };
		70FD2DEC2E96E50F005EA005 /* WishDishUITests.xctest */ = {isa = PBXFileReference; explicitFileType = wrapper.cfbundle; includeInIndex = 0; path = WishDishUITests.xctest; sourceTree = BUILT_PRODUCTS_DIR; };
/* End PBXFileReference section */

/* Begin PBXFileSystemSynchronizedRootGroup section */
		70FD2DE52E96E50F005EA005 /* WishDishTests */ = {
			isa = PBXFileSystemSynchronizedRootGroup;
			path = WishDishTests;
			sourceTree = "<group>";
		};
		70FD2DEF2E96E50F005EA005 /* WishDishUITests */ = {
			isa = PBXFileSystemSynchronizedRootGroup;
			path = WishDishUITests;
			sourceTree = "<group>";
		};
/* End PBXFileSystemSynchronizedRootGroup section */

/* Begin PBXFrameworksBuildPhase section */
		70FD2DD02E96E50D005EA005 /* Frameworks */ = {
			isa = PBXFrameworksBuildPhase;
			buildActionMask = 2147483647;
			files = (
			);
			runOnlyForDeploymentPostprocessing = 0;
		};
		70FD2DDF2E96E50F005EA005 /* Frameworks */ = {
			isa = PBXFrameworksBuildPhase;
			buildActionMask = 2147483647;
			files = (
			);
			runOnlyForDeploymentPostprocessing = 0;
		};
		70FD2DE92E96E50F005EA005 /* Frameworks */ = {
			isa = PBXFrameworksBuildPhase;
			buildActionMask = 2147483647;
			files = (
			);
			runOnlyForDeploymentPostprocessing = 0;
		};
/* End PBXFrameworksBuildPhase section */

/* Begin PBXGroup section */
		70D084F92EAE0EC8005FAA78 /* Models */ = {
			isa = PBXGroup;
			children = (
				70FC87722EA64F9C00D6BF9F /* Invoice.swift */,
				70FC877D2EA64F9C00D6BF9F /* Order.swift */,
				70FC877A2EA64F9C00D6BF9F /* Mood.swift */,
				70FC87762EA64F9C00D6BF9F /* MenuItem.swift */,
				70FC877E2EA64F9C00D6BF9F /* OrderStatus.swift */,
			);
			path = Models;
			sourceTree = "<group>";
		};
		70D084FA2EAE0ED8005FAA78 /* ViewModels */ = {
			isa = PBXGroup;
			children = (
				70D085012EAE13C7005FAA78 /* Status */,
				70D085002EAE13B0005FAA78 /* Mood */,
				70D084FF2EAE139B005FAA78 /* Invoice */,
				70D084FE2EAE138E005FAA78 /* Order */,
				70D084FD2EAE1375005FAA78 /* Menu */,
				70D084FC2EAE1362005FAA78 /* Root */,
			);
			path = ViewModels;
			sourceTree = "<group>";
		};
		70D084FB2EAE0EE2005FAA78 /* Views */ = {
			isa = PBXGroup;
			children = (
				70FC87802EA64F9C00D6BF9F /* OrderStatusView */,
				70FC877C2EA64F9C00D6BF9F /* DiningCarnivalView */,
				70FC87852EA64F9C00D6BF9F /* RootTabView */,
				70FC87752EA64F9C00D6BF9F /* InvoiceListView */,
				70FC876F2EA64F9C00D6BF9F /* AddInvoiceView */,
				70FC87792EA64F9C00D6BF9F /* MenuListView */,
			);
			path = Views;
			sourceTree = "<group>";
		};
		70D084FC2EAE1362005FAA78 /* Root */ = {
			isa = PBXGroup;
			children = (
				70FC87842EA64F9C00D6BF9F /* RootTabViewModel.swift */,
			);
			path = Root;
			sourceTree = "<group>";
		};
		70D084FD2EAE1375005FAA78 /* Menu */ = {
			isa = PBXGroup;
			children = (
				70FC87782EA64F9C00D6BF9F /* MenuListViewModel.swift */,
			);
			path = Menu;
			sourceTree = "<group>";
		};
		70D084FE2EAE138E005FAA78 /* Order */ = {
			isa = PBXGroup;
			children = (
			);
			path = Order;
			sourceTree = "<group>";
		};
		70D084FF2EAE139B005FAA78 /* Invoice */ = {
			isa = PBXGroup;
			children = (
				70FC87742EA64F9C00D6BF9F /* InvoiceViewModel.swift */,
			);
			path = Invoice;
			sourceTree = "<group>";
		};
		70D085002EAE13B0005FAA78 /* Mood */ = {
			isa = PBXGroup;
			children = (
			);
			path = Mood;
			sourceTree = "<group>";
		};
		70D085012EAE13C7005FAA78 /* Status */ = {
			isa = PBXGroup;
			children = (
			);
			path = Status;
			sourceTree = "<group>";
		};
		70FC876F2EA64F9C00D6BF9F /* AddInvoiceView */ = {
			isa = PBXGroup;
			children = (
				70FC876E2EA64F9C00D6BF9F /* AddInvoiceView.swift */,
			);
			path = AddInvoiceView;
			sourceTree = "<group>";
		};
		70FC87712EA64F9C00D6BF9F /* Services */ = {
			isa = PBXGroup;
			children = (
				70FC87702EA64F9C00D6BF9F /* ClientResourceLoader.swift */,
			);
			path = Services;
			sourceTree = "<group>";
		};
		70FC87752EA64F9C00D6BF9F /* InvoiceListView */ = {
			isa = PBXGroup;
			children = (
				70FC87732EA64F9C00D6BF9F /* InvoiceListView.swift */,
			);
			path = InvoiceListView;
			sourceTree = "<group>";
		};
		70FC87792EA64F9C00D6BF9F /* MenuListView */ = {
			isa = PBXGroup;
			children = (
				70FC87772EA64F9C00D6BF9F /* MenuListView.swift */,
			);
			path = MenuListView;
			sourceTree = "<group>";
		};
		70FC877C2EA64F9C00D6BF9F /* DiningCarnivalView */ = {
			isa = PBXGroup;
			children = (
				70FC877B2EA64F9C00D6BF9F /* DiningCarnivalView.swift */,
			);
			path = DiningCarnivalView;
			sourceTree = "<group>";
		};
		70FC87802EA64F9C00D6BF9F /* OrderStatusView */ = {
			isa = PBXGroup;
			children = (
				70FC877F2EA64F9C00D6BF9F /* OrderStatusView.swift */,
			);
			path = OrderStatusView;
			sourceTree = "<group>";
		};
		70FC87822EA64F9C00D6BF9F /* Resources */ = {
			isa = PBXGroup;
			children = (
				70FC87812EA64F9C00D6BF9F /* MenuList.json */,
			);
			path = Resources;
			sourceTree = "<group>";
		};
		70FC87852EA64F9C00D6BF9F /* RootTabView */ = {
			isa = PBXGroup;
			children = (
				70FC87832EA64F9C00D6BF9F /* RootTabView.swift */,
			);
			path = RootTabView;
			sourceTree = "<group>";
		};
		70FC87892EA64F9C00D6BF9F /* Utility */ = {
			isa = PBXGroup;
			children = (
				70FC87862EA64F9C00D6BF9F /* Character+Extension.swift */,
				70FC87872EA64F9C00D6BF9F /* View+Extension.swift */,
				70FC87882EA64F9C00D6BF9F /* ViewModifiers.swift */,
			);
			path = Utility;
			sourceTree = "<group>";
		};
		70FC878F2EA64F9C00D6BF9F /* WishDishApp */ = {
			isa = PBXGroup;
			children = (
				70D084FB2EAE0EE2005FAA78 /* Views */,
				70D084FA2EAE0ED8005FAA78 /* ViewModels */,
				70D084F92EAE0EC8005FAA78 /* Models */,
				70FC87712EA64F9C00D6BF9F /* Services */,
				70FC87822EA64F9C00D6BF9F /* Resources */,
				70FC87892EA64F9C00D6BF9F /* Utility */,
				70FC878A2EA64F9C00D6BF9F /* .gitkeep */,
				70FC878B2EA64F9C00D6BF9F /* Assets.xcassets */,
				70FC878D2EA64F9C00D6BF9F /* Requirement.md */,
				70FC878E2EA64F9C00D6BF9F /* WishDishApp.swift */,
			);
			path = WishDishApp;
			sourceTree = "<group>";
		};
		70FD2DCA2E96E50D005EA005 = {
			isa = PBXGroup;
			children = (
				70FC878F2EA64F9C00D6BF9F /* WishDishApp */,
				70FD2DE52E96E50F005EA005 /* WishDishTests */,
				70FD2DEF2E96E50F005EA005 /* WishDishUITests */,
				70FD2DD42E96E50D005EA005 /* Products */,
			);
			sourceTree = "<group>";
		};
		70FD2DD42E96E50D005EA005 /* Products */ = {
			isa = PBXGroup;
			children = (
				70FD2DD32E96E50D005EA005 /* WishDish.app */,
				70FD2DE22E96E50F005EA005 /* WishDishTests.xctest */,
				70FD2DEC2E96E50F005EA005 /* WishDishUITests.xctest */,
			);
			name = Products;
			sourceTree = "<group>";
		};
/* End PBXGroup section */

/* Begin PBXNativeTarget section */
		70FD2DD22E96E50D005EA005 /* WishDish */ = {
			isa = PBXNativeTarget;
			buildConfigurationList = 70FD2DF62E96E50F005EA005 /* Build configuration list for PBXNativeTarget "WishDish" */;
			buildPhases = (
				70FD2DCF2E96E50D005EA005 /* Sources */,
				70FD2DD02E96E50D005EA005 /* Frameworks */,
				70FD2DD12E96E50D005EA005 /* Resources */,
			);
			buildRules = (
			);
			dependencies = (
			);
			name = WishDish;
			packageProductDependencies = (
			);
			productName = WishDish;
			productReference = 70FD2DD32E96E50D005EA005 /* WishDish.app */;
			productType = "com.apple.product-type.application";
		};
		70FD2DE12E96E50F005EA005 /* WishDishTests */ = {
			isa = PBXNativeTarget;
			buildConfigurationList = 70FD2DF92E96E50F005EA005 /* Build configuration list for PBXNativeTarget "WishDishTests" */;
			buildPhases = (
				70FD2DDE2E96E50F005EA005 /* Sources */,
				70FD2DDF2E96E50F005EA005 /* Frameworks */,
				70FD2DE02E96E50F005EA005 /* Resources */,
			);
			buildRules = (
			);
			dependencies = (
				70FD2DE42E96E50F005EA005 /* PBXTargetDependency */,
			);
			fileSystemSynchronizedGroups = (
				70FD2DE52E96E50F005EA005 /* WishDishTests */,
			);
			name = WishDishTests;
			packageProductDependencies = (
			);
			productName = WishDishTests;
			productReference = 70FD2DE22E96E50F005EA005 /* WishDishTests.xctest */;
			productType = "com.apple.product-type.bundle.unit-test";
		};
		70FD2DEB2E96E50F005EA005 /* WishDishUITests */ = {
			isa = PBXNativeTarget;
			buildConfigurationList = 70FD2DFC2E96E50F005EA005 /* Build configuration list for PBXNativeTarget "WishDishUITests" */;
			buildPhases = (
				70FD2DE82E96E50F005EA005 /* Sources */,
				70FD2DE92E96E50F005EA005 /* Frameworks */,
				70FD2DEA2E96E50F005EA005 /* Resources */,
			);
			buildRules = (
			);
			dependencies = (
				70FD2DEE2E96E50F005EA005 /* PBXTargetDependency */,
			);
			fileSystemSynchronizedGroups = (
				70FD2DEF2E96E50F005EA005 /* WishDishUITests */,
			);
			name = WishDishUITests;
			packageProductDependencies = (
			);
			productName = WishDishUITests;
			productReference = 70FD2DEC2E96E50F005EA005 /* WishDishUITests.xctest */;
			productType = "com.apple.product-type.bundle.ui-testing";
		};
/* End PBXNativeTarget section */

/* Begin PBXProject section */
		70FD2DCB2E96E50D005EA005 /* Project object */ = {
			isa = PBXProject;
			attributes = {
				BuildIndependentTargetsInParallel = 1;
				LastSwiftUpdateCheck = 2600;
				LastUpgradeCheck = 2600;
				TargetAttributes = {
					70FD2DD22E96E50D005EA005 = {
						CreatedOnToolsVersion = 26.0;
					};
					70FD2DE12E96E50F005EA005 = {
						CreatedOnToolsVersion = 26.0;
						TestTargetID = 70FD2DD22E96E50D005EA005;
					};
					70FD2DEB2E96E50F005EA005 = {
						CreatedOnToolsVersion = 26.0;
						TestTargetID = 70FD2DD22E96E50D005EA005;
					};
				};
			};
			buildConfigurationList = 70FD2DCE2E96E50D005EA005 /* Build configuration list for PBXProject "WishDish" */;
			developmentRegion = en;
			hasScannedForEncodings = 0;
			knownRegions = (
				en,
				Base,
			);
			mainGroup = 70FD2DCA2E96E50D005EA005;
			minimizedProjectReferenceProxies = 1;
			preferredProjectObjectVersion = 77;
			productRefGroup = 70FD2DD42E96E50D005EA005 /* Products */;
			projectDirPath = "";
			projectRoot = "";
			targets = (
				70FD2DD22E96E50D005EA005 /* WishDish */,
				70FD2DE12E96E50F005EA005 /* WishDishTests */,
				70FD2DEB2E96E50F005EA005 /* WishDishUITests */,
			);
		};
/* End PBXProject section */

/* Begin PBXResourcesBuildPhase section */
		70FD2DD12E96E50D005EA005 /* Resources */ = {
			isa = PBXResourcesBuildPhase;
			buildActionMask = 2147483647;
			files = (
				70FC87902EA64F9C00D6BF9F /* Requirement.md in Resources */,
				70FC87922EA64F9C00D6BF9F /* Assets.xcassets in Resources */,
				70FC87932EA64F9C00D6BF9F /* .gitkeep in Resources */,
				70FC87942EA64F9C00D6BF9F /* MenuList.json in Resources */,
			);
			runOnlyForDeploymentPostprocessing = 0;
		};
		70FD2DE02E96E50F005EA005 /* Resources */ = {
			isa = PBXResourcesBuildPhase;
			buildActionMask = 2147483647;
			files = (
			);
			runOnlyForDeploymentPostprocessing = 0;
		};
		70FD2DEA2E96E50F005EA005 /* Resources */ = {
			isa = PBXResourcesBuildPhase;
			buildActionMask = 2147483647;
			files = (
			);
			runOnlyForDeploymentPostprocessing = 0;
		};
/* End PBXResourcesBuildPhase section */

/* Begin PBXSourcesBuildPhase section */
		70FD2DCF2E96E50D005EA005 /* Sources */ = {
			isa = PBXSourcesBuildPhase;
			buildActionMask = 2147483647;
			files = (
				70FC87952EA64F9C00D6BF9F /* Mood.swift in Sources */,
				70FC87962EA64F9C00D6BF9F /* ViewModifiers.swift in Sources */,
				70FC87972EA64F9C00D6BF9F /* InvoiceViewModel.swift in Sources */,
				70FC87982EA64F9C00D6BF9F /* AddInvoiceView.swift in Sources */,
				70FC87992EA64F9C00D6BF9F /* OrderStatus.swift in Sources */,
				70FC879A2EA64F9C00D6BF9F /* Order.swift in Sources */,
				70FC879B2EA64F9C00D6BF9F /* RootTabViewModel.swift in Sources */,
				70FC879C2EA64F9C00D6BF9F /* RootTabView.swift in Sources */,
				70FC879D2EA64F9C00D6BF9F /* MenuItem.swift in Sources */,
				70FC879E2EA64F9C00D6BF9F /* View+Extension.swift in Sources */,
				70FC879F2EA64F9C00D6BF9F /* MenuListView.swift in Sources */,
				70FC87A02EA64F9C00D6BF9F /* InvoiceListView.swift in Sources */,
				70FC87A12EA64F9C00D6BF9F /* WishDishApp.swift in Sources */,
				70FC87A22EA64F9C00D6BF9F /* Invoice.swift in Sources */,
				70FC87A32EA64F9C00D6BF9F /* MenuListViewModel.swift in Sources */,
				70FC87A42EA64F9C00D6BF9F /* DiningCarnivalView.swift in Sources */,
				70FC87A52EA64F9C00D6BF9F /* OrderStatusView.swift in Sources */,
				70FC87A62EA64F9C00D6BF9F /* ClientResourceLoader.swift in Sources */,
				70FC87A72EA64F9C00D6BF9F /* Character+Extension.swift in Sources */,
			);
			runOnlyForDeploymentPostprocessing = 0;
		};
		70FD2DDE2E96E50F005EA005 /* Sources */ = {
			isa = PBXSourcesBuildPhase;
			buildActionMask = 2147483647;
			files = (
			);
			runOnlyForDeploymentPostprocessing = 0;
		};
		70FD2DE82E96E50F005EA005 /* Sources */ = {
			isa = PBXSourcesBuildPhase;
			buildActionMask = 2147483647;
			files = (
			);
			runOnlyForDeploymentPostprocessing = 0;
		};
/* End PBXSourcesBuildPhase section */

/* Begin PBXTargetDependency section */
		70FD2DE42E96E50F005EA005 /* PBXTargetDependency */ = {
			isa = PBXTargetDependency;
			target = 70FD2DD22E96E50D005EA005 /* WishDish */;
			targetProxy = 70FD2DE32E96E50F005EA005 /* PBXContainerItemProxy */;
		};
		70FD2DEE2E96E50F005EA005 /* PBXTargetDependency */ = {
			isa = PBXTargetDependency;
			target = 70FD2DD22E96E50D005EA005 /* WishDish */;
			targetProxy = 70FD2DED2E96E50F005EA005 /* PBXContainerItemProxy */;
		};
/* End PBXTargetDependency section */

/* Begin XCBuildConfiguration section */
		70FD2DF42E96E50F005EA005 /* Debug */ = {
			isa = XCBuildConfiguration;
			buildSettings = {
				ALWAYS_SEARCH_USER_PATHS = NO;
				ASSETCATALOG_COMPILER_GENERATE_SWIFT_ASSET_SYMBOL_EXTENSIONS = YES;
				CLANG_ANALYZER_NONNULL = YES;
				CLANG_ANALYZER_NUMBER_OBJECT_CONVERSION = YES_AGGRESSIVE;
				CLANG_CXX_LANGUAGE_STANDARD = "gnu++20";
				CLANG_ENABLE_MODULES = YES;
				CLANG_ENABLE_OBJC_ARC = YES;
				CLANG_ENABLE_OBJC_WEAK = YES;
				CLANG_WARN_BLOCK_CAPTURE_AUTORELEASING = YES;
				CLANG_WARN_BOOL_CONVERSION = YES;
				CLANG_WARN_COMMA = YES;
				CLANG_WARN_CONSTANT_CONVERSION = YES;
				CLANG_WARN_DEPRECATED_OBJC_IMPLEMENTATIONS = YES;
				CLANG_WARN_DIRECT_OBJC_ISA_USAGE = YES_ERROR;
				CLANG_WARN_DOCUMENTATION_COMMENTS = YES;
				CLANG_WARN_EMPTY_BODY = YES;
				CLANG_WARN_ENUM_CONVERSION = YES;
				CLANG_WARN_INFINITE_RECURSION = YES;
				CLANG_WARN_INT_CONVERSION = YES;
				CLANG_WARN_NON_LITERAL_NULL_CONVERSION = YES;
				CLANG_WARN_OBJC_IMPLICIT_RETAIN_SELF = YES;
				CLANG_WARN_OBJC_LITERAL_CONVERSION = YES;
				CLANG_WARN_OBJC_ROOT_CLASS = YES_ERROR;
				CLANG_WARN_QUOTED_INCLUDE_IN_FRAMEWORK_HEADER = YES;
				CLANG_WARN_RANGE_LOOP_ANALYSIS = YES;
				CLANG_WARN_STRICT_PROTOTYPES = YES;
				CLANG_WARN_SUSPICIOUS_MOVE = YES;
				CLANG_WARN_UNGUARDED_AVAILABILITY = YES_AGGRESSIVE;
				CLANG_WARN_UNREACHABLE_CODE = YES;
				CLANG_WARN__DUPLICATE_METHOD_MATCH = YES;
				COPY_PHASE_STRIP = NO;
				DEBUG_INFORMATION_FORMAT = dwarf;
				ENABLE_STRICT_OBJC_MSGSEND = YES;
				ENABLE_TESTABILITY = YES;
				ENABLE_USER_SCRIPT_SANDBOXING = YES;
				GCC_C_LANGUAGE_STANDARD = gnu17;
				GCC_DYNAMIC_NO_PIC = NO;
				GCC_NO_COMMON_BLOCKS = YES;
				GCC_OPTIMIZATION_LEVEL = 0;
				GCC_PREPROCESSOR_DEFINITIONS = (
					"DEBUG=1",
					"$(inherited)",
				);
				GCC_WARN_64_TO_32_BIT_CONVERSION = YES;
				GCC_WARN_ABOUT_RETURN_TYPE = YES_ERROR;
				GCC_WARN_UNDECLARED_SELECTOR = YES;
				GCC_WARN_UNINITIALIZED_AUTOS = YES_AGGRESSIVE;
				GCC_WARN_UNUSED_FUNCTION = YES;
				GCC_WARN_UNUSED_VARIABLE = YES;
				IPHONEOS_DEPLOYMENT_TARGET = 26.0;
				LOCALIZATION_PREFERS_STRING_CATALOGS = YES;
				MTL_ENABLE_DEBUG_INFO = INCLUDE_SOURCE;
				MTL_FAST_MATH = YES;
				ONLY_ACTIVE_ARCH = YES;
				SDKROOT = iphoneos;
				SWIFT_ACTIVE_COMPILATION_CONDITIONS = "DEBUG $(inherited)";
				SWIFT_OPTIMIZATION_LEVEL = "-Onone";
			};
			name = Debug;
		};
		70FD2DF52E96E50F005EA005 /* Release */ = {
			isa = XCBuildConfiguration;
			buildSettings = {
				ALWAYS_SEARCH_USER_PATHS = NO;
				ASSETCATALOG_COMPILER_GENERATE_SWIFT_ASSET_SYMBOL_EXTENSIONS = YES;
				CLANG_ANALYZER_NONNULL = YES;
				CLANG_ANALYZER_NUMBER_OBJECT_CONVERSION = YES_AGGRESSIVE;
				CLANG_CXX_LANGUAGE_STANDARD = "gnu++20";
				CLANG_ENABLE_MODULES = YES;
				CLANG_ENABLE_OBJC_ARC = YES;
				CLANG_ENABLE_OBJC_WEAK = YES;
				CLANG_WARN_BLOCK_CAPTURE_AUTORELEASING = YES;
				CLANG_WARN_BOOL_CONVERSION = YES;
				CLANG_WARN_COMMA = YES;
				CLANG_WARN_CONSTANT_CONVERSION = YES;
				CLANG_WARN_DEPRECATED_OBJC_IMPLEMENTATIONS = YES;
				CLANG_WARN_DIRECT_OBJC_ISA_USAGE = YES_ERROR;
				CLANG_WARN_DOCUMENTATION_COMMENTS = YES;
				CLANG_WARN_EMPTY_BODY = YES;
				CLANG_WARN_ENUM_CONVERSION = YES;
				CLANG_WARN_INFINITE_RECURSION = YES;
				CLANG_WARN_INT_CONVERSION = YES;
				CLANG_WARN_NON_LITERAL_NULL_CONVERSION = YES;
				CLANG_WARN_OBJC_IMPLICIT_RETAIN_SELF = YES;
				CLANG_WARN_OBJC_LITERAL_CONVERSION = YES;
				CLANG_WARN_OBJC_ROOT_CLASS = YES_ERROR;
				CLANG_WARN_QUOTED_INCLUDE_IN_FRAMEWORK_HEADER = YES;
				CLANG_WARN_RANGE_LOOP_ANALYSIS = YES;
				CLANG_WARN_STRICT_PROTOTYPES = YES;
				CLANG_WARN_SUSPICIOUS_MOVE = YES;
				CLANG_WARN_UNGUARDED_AVAILABILITY = YES_AGGRESSIVE;
				CLANG_WARN_UNREACHABLE_CODE = YES;
				CLANG_WARN__DUPLICATE_METHOD_MATCH = YES;
				COPY_PHASE_STRIP = NO;
				DEBUG_INFORMATION_FORMAT = "dwarf-with-dsym";
				ENABLE_NS_ASSERTIONS = NO;
				ENABLE_STRICT_OBJC_MSGSEND = YES;
				ENABLE_USER_SCRIPT_SANDBOXING = YES;
				GCC_C_LANGUAGE_STANDARD = gnu17;
				GCC_NO_COMMON_BLOCKS = YES;
				GCC_WARN_64_TO_32_BIT_CONVERSION = YES;
				GCC_WARN_ABOUT_RETURN_TYPE = YES_ERROR;
				GCC_WARN_UNDECLARED_SELECTOR = YES;
				GCC_WARN_UNINITIALIZED_AUTOS = YES_AGGRESSIVE;
				GCC_WARN_UNUSED_FUNCTION = YES;
				GCC_WARN_UNUSED_VARIABLE = YES;
				IPHONEOS_DEPLOYMENT_TARGET = 26.0;
				LOCALIZATION_PREFERS_STRING_CATALOGS = YES;
				MTL_ENABLE_DEBUG_INFO = NO;
				MTL_FAST_MATH = YES;
				SDKROOT = iphoneos;
				SWIFT_COMPILATION_MODE = wholemodule;
				VALIDATE_PRODUCT = YES;
			};
			name = Release;
		};
		70FD2DF72E96E50F005EA005 /* Debug */ = {
			isa = XCBuildConfiguration;
			buildSettings = {
				ASSETCATALOG_COMPILER_APPICON_NAME = AppIcon;
				ASSETCATALOG_COMPILER_GLOBAL_ACCENT_COLOR_NAME = AccentColor;
				CODE_SIGN_STYLE = Automatic;
				CURRENT_PROJECT_VERSION = 1;
				ENABLE_PREVIEWS = YES;
				GENERATE_INFOPLIST_FILE = YES;
				INFOPLIST_KEY_UIApplicationSceneManifest_Generation = YES;
				INFOPLIST_KEY_UIApplicationSupportsIndirectInputEvents = YES;
				INFOPLIST_KEY_UILaunchScreen_Generation = YES;
				INFOPLIST_KEY_UISupportedInterfaceOrientations_iPad = "UIInterfaceOrientationPortrait UIInterfaceOrientationPortraitUpsideDown UIInterfaceOrientationLandscapeLeft UIInterfaceOrientationLandscapeRight";
				INFOPLIST_KEY_UISupportedInterfaceOrientations_iPhone = "UIInterfaceOrientationPortrait UIInterfaceOrientationLandscapeLeft UIInterfaceOrientationLandscapeRight";
				LD_RUNPATH_SEARCH_PATHS = (
					"$(inherited)",
					"@executable_path/Frameworks",
				);
				MARKETING_VERSION = 1.0;
				PRODUCT_BUNDLE_IDENTIFIER = Roshan.WishDish;
				PRODUCT_NAME = "$(TARGET_NAME)";
				STRING_CATALOG_GENERATE_SYMBOLS = YES;
				SWIFT_APPROACHABLE_CONCURRENCY = YES;
				SWIFT_DEFAULT_ACTOR_ISOLATION = MainActor;
				SWIFT_EMIT_LOC_STRINGS = YES;
				SWIFT_UPCOMING_FEATURE_MEMBER_IMPORT_VISIBILITY = YES;
				SWIFT_VERSION = 5.0;
				TARGETED_DEVICE_FAMILY = "1,2";
			};
			name = Debug;
		};
		70FD2DF82E96E50F005EA005 /* Release */ = {
			isa = XCBuildConfiguration;
			buildSettings = {
				ASSETCATALOG_COMPILER_APPICON_NAME = AppIcon;
				ASSETCATALOG_COMPILER_GLOBAL_ACCENT_COLOR_NAME = AccentColor;
				CODE_SIGN_STYLE = Automatic;
				CURRENT_PROJECT_VERSION = 1;
				ENABLE_PREVIEWS = YES;
				GENERATE_INFOPLIST_FILE = YES;
				INFOPLIST_KEY_UIApplicationSceneManifest_Generation = YES;
				INFOPLIST_KEY_UIApplicationSupportsIndirectInputEvents = YES;
				INFOPLIST_KEY_UILaunchScreen_Generation = YES;
				INFOPLIST_KEY_UISupportedInterfaceOrientations_iPad = "UIInterfaceOrientationPortrait UIInterfaceOrientationPortraitUpsideDown UIInterfaceOrientationLandscapeLeft UIInterfaceOrientationLandscapeRight";
				INFOPLIST_KEY_UISupportedInterfaceOrientations_iPhone = "UIInterfaceOrientationPortrait UIInterfaceOrientationLandscapeLeft UIInterfaceOrientationLandscapeRight";
				LD_RUNPATH_SEARCH_PATHS = (
					"$(inherited)",
					"@executable_path/Frameworks",
				);
				MARKETING_VERSION = 1.0;
				PRODUCT_BUNDLE_IDENTIFIER = Roshan.WishDish;
				PRODUCT_NAME = "$(TARGET_NAME)";
				STRING_CATALOG_GENERATE_SYMBOLS = YES;
				SWIFT_APPROACHABLE_CONCURRENCY = YES;
				SWIFT_DEFAULT_ACTOR_ISOLATION = MainActor;
				SWIFT_EMIT_LOC_STRINGS = YES;
				SWIFT_UPCOMING_FEATURE_MEMBER_IMPORT_VISIBILITY = YES;
				SWIFT_VERSION = 5.0;
				TARGETED_DEVICE_FAMILY = "1,2";
			};
			name = Release;
		};
		70FD2DFA2E96E50F005EA005 /* Debug */ = {
			isa = XCBuildConfiguration;
			buildSettings = {
				BUNDLE_LOADER = "$(TEST_HOST)";
				CODE_SIGN_STYLE = Automatic;
				CURRENT_PROJECT_VERSION = 1;
				GENERATE_INFOPLIST_FILE = YES;
				IPHONEOS_DEPLOYMENT_TARGET = 26.0;
				MARKETING_VERSION = 1.0;
				PRODUCT_BUNDLE_IDENTIFIER = Roshan.WishDishTests;
				PRODUCT_NAME = "$(TARGET_NAME)";
				STRING_CATALOG_GENERATE_SYMBOLS = NO;
				SWIFT_APPROACHABLE_CONCURRENCY = YES;
				SWIFT_EMIT_LOC_STRINGS = NO;
				SWIFT_UPCOMING_FEATURE_MEMBER_IMPORT_VISIBILITY = YES;
				SWIFT_VERSION = 5.0;
				TARGETED_DEVICE_FAMILY = "1,2";
				TEST_HOST = "$(BUILT_PRODUCTS_DIR)/WishDish.app/$(BUNDLE_EXECUTABLE_FOLDER_PATH)/WishDish";
			};
			name = Debug;
		};
		70FD2DFB2E96E50F005EA005 /* Release */ = {
			isa = XCBuildConfiguration;
			buildSettings = {
				BUNDLE_LOADER = "$(TEST_HOST)";
				CODE_SIGN_STYLE = Automatic;
				CURRENT_PROJECT_VERSION = 1;
				GENERATE_INFOPLIST_FILE = YES;
				IPHONEOS_DEPLOYMENT_TARGET = 26.0;
				MARKETING_VERSION = 1.0;
				PRODUCT_BUNDLE_IDENTIFIER = Roshan.WishDishTests;
				PRODUCT_NAME = "$(TARGET_NAME)";
				STRING_CATALOG_GENERATE_SYMBOLS = NO;
				SWIFT_APPROACHABLE_CONCURRENCY = YES;
				SWIFT_EMIT_LOC_STRINGS = NO;
				SWIFT_UPCOMING_FEATURE_MEMBER_IMPORT_VISIBILITY = YES;
				SWIFT_VERSION = 5.0;
				TARGETED_DEVICE_FAMILY = "1,2";
				TEST_HOST = "$(BUILT_PRODUCTS_DIR)/WishDish.app/$(BUNDLE_EXECUTABLE_FOLDER_PATH)/WishDish";
			};
			name = Release;
		};
		70FD2DFD2E96E50F005EA005 /* Debug */ = {
			isa = XCBuildConfiguration;
			buildSettings = {
				CODE_SIGN_STYLE = Automatic;
				CURRENT_PROJECT_VERSION = 1;
				GENERATE_INFOPLIST_FILE = YES;
				MARKETING_VERSION = 1.0;
				PRODUCT_BUNDLE_IDENTIFIER = Roshan.WishDishUITests;
				PRODUCT_NAME = "$(TARGET_NAME)";
				STRING_CATALOG_GENERATE_SYMBOLS = NO;
				SWIFT_APPROACHABLE_CONCURRENCY = YES;
				SWIFT_EMIT_LOC_STRINGS = NO;
				SWIFT_UPCOMING_FEATURE_MEMBER_IMPORT_VISIBILITY = YES;
				SWIFT_VERSION = 5.0;
				TARGETED_DEVICE_FAMILY = "1,2";
				TEST_TARGET_NAME = WishDish;
			};
			name = Debug;
		};
		70FD2DFE2E96E50F005EA005 /* Release */ = {
			isa = XCBuildConfiguration;
			buildSettings = {
				CODE_SIGN_STYLE = Automatic;
				CURRENT_PROJECT_VERSION = 1;
				GENERATE_INFOPLIST_FILE = YES;
				MARKETING_VERSION = 1.0;
				PRODUCT_BUNDLE_IDENTIFIER = Roshan.WishDishUITests;
				PRODUCT_NAME = "$(TARGET_NAME)";
				STRING_CATALOG_GENERATE_SYMBOLS = NO;
				SWIFT_APPROACHABLE_CONCURRENCY = YES;
				SWIFT_EMIT_LOC_STRINGS = NO;
				SWIFT_UPCOMING_FEATURE_MEMBER_IMPORT_VISIBILITY = YES;
				SWIFT_VERSION = 5.0;
				TARGETED_DEVICE_FAMILY = "1,2";
				TEST_TARGET_NAME = WishDish;
			};
			name = Release;
		};
/* End XCBuildConfiguration section */

/* Begin XCConfigurationList section */
		70FD2DCE2E96E50D005EA005 /* Build configuration list for PBXProject "WishDish" */ = {
			isa = XCConfigurationList;
			buildConfigurations = (
				70FD2DF42E96E50F005EA005 /* Debug */,
				70FD2DF52E96E50F005EA005 /* Release */,
			);
			defaultConfigurationIsVisible = 0;
			defaultConfigurationName = Release;
		};
		70FD2DF62E96E50F005EA005 /* Build configuration list for PBXNativeTarget "WishDish" */ = {
			isa = XCConfigurationList;
			buildConfigurations = (
				70FD2DF72E96E50F005EA005 /* Debug */,
				70FD2DF82E96E50F005EA005 /* Release */,
			);
			defaultConfigurationIsVisible = 0;
			defaultConfigurationName = Release;
		};
		70FD2DF92E96E50F005EA005 /* Build configuration list for PBXNativeTarget "WishDishTests" */ = {
			isa = XCConfigurationList;
			buildConfigurations = (
				70FD2DFA2E96E50F005EA005 /* Debug */,
				70FD2DFB2E96E50F005EA005 /* Release */,
			);
			defaultConfigurationIsVisible = 0;
			defaultConfigurationName = Release;
		};
		70FD2DFC2E96E50F005EA005 /* Build configuration list for PBXNativeTarget "WishDishUITests" */ = {
			isa = XCConfigurationList;
			buildConfigurations = (
				70FD2DFD2E96E50F005EA005 /* Debug */,
				70FD2DFE2E96E50F005EA005 /* Release */,
			);
			defaultConfigurationIsVisible = 0;
			defaultConfigurationName = Release;
		};
/* End XCConfigurationList section */
	};
	rootObject = 70FD2DCB2E96E50D005EA005 /* Project object */;
}
